version: 1.0
shards:
  magickwand-crystal:
    github: blocknotes/magickwand-crystal
    version: 0.3.0

  shainet:
    github: NeuraLegion/shainet
    version: 2.3.0

  stumpy_core:
    github: stumpycr/stumpy_core
    version: 1.9.1

  stumpy_png:
    github: stumpycr/stumpy_png
    version: 4.5.2

