version: 1.0
shards:
  apatite:
    github: watzon/apatite
    commit: 420573592abf82fa139f6878491fa64f51fee55c

  magickwand-crystal:
    github: blocknotes/magickwand-crystal
    version: 0.3.0

  shainet:
    github: NeuraLegion/shainet
    commit: 456509b9983772fb710df9a50b68807af66c491d

  stumpy_core:
    github: stumpycr/stumpy_core
    version: 1.9.1

  stumpy_png:
    github: stumpycr/stumpy_png
    version: 4.5.2

